# This file is autogenerated, do not edit; changes may be undone by the next 'dep ensure'.


[[projects]]
  name = "github.com/golang/protobuf"
  packages = ["proto"]
  revision = "aa810b61a9c79d51363740d207bb46cf8e620ed5"
  version = "v1.2.0"

[[projects]]
  name = "github.com/tarantool/go-tarantool"
  packages = ["."]
  revision = "0c5c966dfac266f2e0a18a2362122d7a61b27b1d"
  source = "github.com/RepentantGopher/go-tarantool"

[[projects]]
  name = "github.com/vmihailenco/msgpack"
  packages = ["codes"]
  revision = "935c5b540faab4d4922ae6f1fddcf77a726f259c"
  version = "v4.0.0"

[[projects]]
  branch = "master"
  name = "golang.org/x/net"
  packages = ["context"]
  revision = "49bb7cea24b1df9410e1712aa6433dae904ff66a"

[[projects]]
  name = "google.golang.org/appengine"
  packages = [
    ".",
    "datastore",
    "internal",
    "internal/app_identity",
    "internal/base",
    "internal/datastore",
    "internal/log",
    "internal/modules",
    "internal/remote_api"
  ]
  revision = "ae0ab99deb4dc413a2b4bd6c8bdd0eb67f1e4d06"
  version = "v1.2.0"

[[projects]]
  name = "gopkg.in/vmihailenco/msgpack.v4"
  packages = ["."]
  revision = "935c5b540faab4d4922ae6f1fddcf77a726f259c"
  version = "v4.0.0"

[solve-meta]
  analyzer-name = "dep"
  analyzer-version = 1
  inputs-digest = "83e45c5db559b1715b9206a79debec25fa811c7a48e45509cc34daef0b468c85"
  solver-name = "gps-cdcl"
  solver-version = 1
